// !$*UTF8*$!
{
	archiveVersion = 1;
	classes = {
	};
	objectVersion = 56;
	objects = {

/* Begin PBXBuildFile section */
		DD93928F2D87051D00A3786D /* Game.swift in Sources */ = {isa = PBXBuildFile; fileRef = DD93928E2D87051D00A3786D /* Game.swift */; };
		DDA0C0B72D80AFC200334F50 /* Settings.swift in Sources */ = {isa = PBXBuildFile; fileRef = DDA0C0B62D80AFC200334F50 /* Settings.swift */; };
		DDA0C0B92D80B7E600334F50 /* Shop.swift in Sources */ = {isa = PBXBuildFile; fileRef = DDA0C0B82D80B7E600334F50 /* Shop.swift */; };
		DDA0C0BB2D80BB8A00334F50 /* Model.swift in Sources */ = {isa = PBXBuildFile; fileRef = DDA0C0BA2D80BB8A00334F50 /* Model.swift */; };
		DDD616342D8718A1002723AA /* VisitorView.swift in Sources */ = {isa = PBXBuildFile; fileRef = DDD616332D8718A1002723AA /* VisitorView.swift */; };
		DDDEF7572D806F1200292000 /* Oneida_OnlineApp.swift in Sources */ = {isa = PBXBuildFile; fileRef = DDDEF7562D806F1200292000 /* Oneida_OnlineApp.swift */; };
		DDDEF75B2D806F1300292000 /* Assets.xcassets in Resources */ = {isa = PBXBuildFile; fileRef = DDDEF75A2D806F1300292000 /* Assets.xcassets */; };
		DDDEF75F2D806F1300292000 /* Preview Assets.xcassets in Resources */ = {isa = PBXBuildFile; fileRef = DDDEF75E2D806F1300292000 /* Preview Assets.xcassets */; };
		DDDEF76D2D806F9200292000 /* Coordinator.swift in Sources */ = {isa = PBXBuildFile; fileRef = DDDEF76C2D806F9200292000 /* Coordinator.swift */; };
		DDDEF76F2D806FB500292000 /* Loading.swift in Sources */ = {isa = PBXBuildFile; fileRef = DDDEF76E2D806FB500292000 /* Loading.swift */; };
		DDDEF7712D806FBF00292000 /* MainMenu.swift in Sources */ = {isa = PBXBuildFile; fileRef = DDDEF7702D806FBF00292000 /* MainMenu.swift */; };
		DDDEF7732D806FD900292000 /* SizeExtention.swift in Sources */ = {isa = PBXBuildFile; fileRef = DDDEF7722D806FD900292000 /* SizeExtention.swift */; };
		DDDEF7752D806FE800292000 /* ColorExtention.swift in Sources */ = {isa = PBXBuildFile; fileRef = DDDEF7742D806FE800292000 /* ColorExtention.swift */; };
		DDDEF7772D80701200292000 /* Background.swift in Sources */ = {isa = PBXBuildFile; fileRef = DDDEF7762D80701200292000 /* Background.swift */; };
		DDDEF7792D807FE600292000 /* TitanOne-Regular.ttf in Resources */ = {isa = PBXBuildFile; fileRef = DDDEF7782D807FE600292000 /* TitanOne-Regular.ttf */; };
		DDDEF77C2D8098FF00292000 /* Buttons.swift in Sources */ = {isa = PBXBuildFile; fileRef = DDDEF77B2D8098FF00292000 /* Buttons.swift */; };
		DDFC241D2D8872BA00141DEE /* PauseView.swift in Sources */ = {isa = PBXBuildFile; fileRef = DDFC241C2D8872BA00141DEE /* PauseView.swift */; };
		DDFC241F2D8882E700141DEE /* Rules.swift in Sources */ = {isa = PBXBuildFile; fileRef = DDFC241E2D8882E700141DEE /* Rules.swift */; };
		DDFC24212D88887F00141DEE /* Controller.swift in Sources */ = {isa = PBXBuildFile; fileRef = DDFC24202D88887F00141DEE /* Controller.swift */; };
		DDFC24232D888F6200141DEE /* SoundManager.swift in Sources */ = {isa = PBXBuildFile; fileRef = DDFC24222D888F6100141DEE /* SoundManager.swift */; };
		DDFC24272D888FA100141DEE /* kitchenSound.mp3 in Resources */ = {isa = PBXBuildFile; fileRef = DDFC24242D888FA100141DEE /* kitchenSound.mp3 */; };
		DDFC24282D888FA100141DEE /* coinSound.mp3 in Resources */ = {isa = PBXBuildFile; fileRef = DDFC24252D888FA100141DEE /* coinSound.mp3 */; };
		DDFC24292D888FA100141DEE /* comeInSound.mp3 in Resources */ = {isa = PBXBuildFile; fileRef = DDFC24262D888FA100141DEE /* comeInSound.mp3 */; };
		DDFC242B2D888FE800141DEE /* keySound.mp3 in Resources */ = {isa = PBXBuildFile; fileRef = DDFC242A2D888FE800141DEE /* keySound.mp3 */; };
		DDFC242D2D88911D00141DEE /* cleanSound.mp3 in Resources */ = {isa = PBXBuildFile; fileRef = DDFC242C2D88911D00141DEE /* cleanSound.mp3 */; };
		DDFC242F2D88919C00141DEE /* kitchenDoneSound.mp3 in Resources */ = {isa = PBXBuildFile; fileRef = DDFC242E2D88919C00141DEE /* kitchenDoneSound.mp3 */; };
/* End PBXBuildFile section */

/* Begin PBXFileReference section */
		DD93928E2D87051D00A3786D /* Game.swift */ = {isa = PBXFileReference; lastKnownFileType = sourcecode.swift; path = Game.swift; sourceTree = "<group>"; };
		DDA0C0B62D80AFC200334F50 /* Settings.swift */ = {isa = PBXFileReference; lastKnownFileType = sourcecode.swift; path = Settings.swift; sourceTree = "<group>"; };
		DDA0C0B82D80B7E600334F50 /* Shop.swift */ = {isa = PBXFileReference; lastKnownFileType = sourcecode.swift; path = Shop.swift; sourceTree = "<group>"; };
		DDA0C0BA2D80BB8A00334F50 /* Model.swift */ = {isa = PBXFileReference; lastKnownFileType = sourcecode.swift; path = Model.swift; sourceTree = "<group>"; };
		DDD616332D8718A1002723AA /* VisitorView.swift */ = {isa = PBXFileReference; lastKnownFileType = sourcecode.swift; path = VisitorView.swift; sourceTree = "<group>"; };
		DDDEF7532D806F1200292000 /* Oneida Hospitality.app */ = {isa = PBXFileReference; explicitFileType = wrapper.application; includeInIndex = 0; path = "Oneida Hospitality.app"; sourceTree = BUILT_PRODUCTS_DIR; };
		DDDEF7562D806F1200292000 /* Oneida_OnlineApp.swift */ = {isa = PBXFileReference; lastKnownFileType = sourcecode.swift; path = Oneida_OnlineApp.swift; sourceTree = "<group>"; };
		DDDEF75A2D806F1300292000 /* Assets.xcassets */ = {isa = PBXFileReference; lastKnownFileType = folder.assetcatalog; path = Assets.xcassets; sourceTree = "<group>"; };
		DDDEF75C2D806F1300292000 /* Oneida_Online.entitlements */ = {isa = PBXFileReference; lastKnownFileType = text.plist.entitlements; path = Oneida_Online.entitlements; sourceTree = "<group>"; };
		DDDEF75E2D806F1300292000 /* Preview Assets.xcassets */ = {isa = PBXFileReference; lastKnownFileType = folder.assetcatalog; path = "Preview Assets.xcassets"; sourceTree = "<group>"; };
		DDDEF76C2D806F9200292000 /* Coordinator.swift */ = {isa = PBXFileReference; lastKnownFileType = sourcecode.swift; path = Coordinator.swift; sourceTree = "<group>"; };
		DDDEF76E2D806FB500292000 /* Loading.swift */ = {isa = PBXFileReference; lastKnownFileType = sourcecode.swift; path = Loading.swift; sourceTree = "<group>"; };
		DDDEF7702D806FBF00292000 /* MainMenu.swift */ = {isa = PBXFileReference; lastKnownFileType = sourcecode.swift; path = MainMenu.swift; sourceTree = "<group>"; };
		DDDEF7722D806FD900292000 /* SizeExtention.swift */ = {isa = PBXFileReference; lastKnownFileType = sourcecode.swift; path = SizeExtention.swift; sourceTree = "<group>"; };
		DDDEF7742D806FE800292000 /* ColorExtention.swift */ = {isa = PBXFileReference; lastKnownFileType = sourcecode.swift; path = ColorExtention.swift; sourceTree = "<group>"; };
		DDDEF7762D80701200292000 /* Background.swift */ = {isa = PBXFileReference; lastKnownFileType = sourcecode.swift; path = Background.swift; sourceTree = "<group>"; };
		DDDEF7782D807FE600292000 /* TitanOne-Regular.ttf */ = {isa = PBXFileReference; lastKnownFileType = file; path = "TitanOne-Regular.ttf"; sourceTree = "<group>"; };
		DDDEF77A2D807FFC00292000 /* Oneida-Online-Info.plist */ = {isa = PBXFileReference; lastKnownFileType = text.plist; path = "Oneida-Online-Info.plist"; sourceTree = SOURCE_ROOT; };
		DDDEF77B2D8098FF00292000 /* Buttons.swift */ = {isa = PBXFileReference; lastKnownFileType = sourcecode.swift; path = Buttons.swift; sourceTree = "<group>"; };
		DDFC241C2D8872BA00141DEE /* PauseView.swift */ = {isa = PBXFileReference; lastKnownFileType = sourcecode.swift; path = PauseView.swift; sourceTree = "<group>"; };
		DDFC241E2D8882E700141DEE /* Rules.swift */ = {isa = PBXFileReference; lastKnownFileType = sourcecode.swift; path = Rules.swift; sourceTree = "<group>"; };
		DDFC24202D88887F00141DEE /* Controller.swift */ = {isa = PBXFileReference; lastKnownFileType = sourcecode.swift; path = Controller.swift; sourceTree = "<group>"; };
		DDFC24222D888F6100141DEE /* SoundManager.swift */ = {isa = PBXFileReference; lastKnownFileType = sourcecode.swift; path = SoundManager.swift; sourceTree = "<group>"; };
		DDFC24242D888FA100141DEE /* kitchenSound.mp3 */ = {isa = PBXFileReference; lastKnownFileType = audio.mp3; path = kitchenSound.mp3; sourceTree = "<group>"; };
		DDFC24252D888FA100141DEE /* coinSound.mp3 */ = {isa = PBXFileReference; lastKnownFileType = audio.mp3; path = coinSound.mp3; sourceTree = "<group>"; };
		DDFC24262D888FA100141DEE /* comeInSound.mp3 */ = {isa = PBXFileReference; lastKnownFileType = audio.mp3; path = comeInSound.mp3; sourceTree = "<group>"; };
		DDFC242A2D888FE800141DEE /* keySound.mp3 */ = {isa = PBXFileReference; lastKnownFileType = audio.mp3; path = keySound.mp3; sourceTree = "<group>"; };
		DDFC242C2D88911D00141DEE /* cleanSound.mp3 */ = {isa = PBXFileReference; lastKnownFileType = audio.mp3; path = cleanSound.mp3; sourceTree = "<group>"; };
		DDFC242E2D88919C00141DEE /* kitchenDoneSound.mp3 */ = {isa = PBXFileReference; lastKnownFileType = audio.mp3; path = kitchenDoneSound.mp3; sourceTree = "<group>"; };
/* End PBXFileReference section */

/* Begin PBXFrameworksBuildPhase section */
		DDDEF7502D806F1200292000 /* Frameworks */ = {
			isa = PBXFrameworksBuildPhase;
			buildActionMask = 2147483647;
			files = (
			);
			runOnlyForDeploymentPostprocessing = 0;
		};
/* End PBXFrameworksBuildPhase section */

/* Begin PBXGroup section */
		DDDEF74A2D806F1200292000 = {
			isa = PBXGroup;
			children = (
				DDDEF7552D806F1200292000 /* Oneida Online */,
				DDDEF7542D806F1200292000 /* Products */,
			);
			sourceTree = "<group>";
		};
		DDDEF7542D806F1200292000 /* Products */ = {
			isa = PBXGroup;
			children = (
				DDDEF7532D806F1200292000 /* Oneida Hospitality.app */,
			);
			name = Products;
			sourceTree = "<group>";
		};
		DDDEF7552D806F1200292000 /* Oneida Online */ = {
			isa = PBXGroup;
			children = (
				DDDEF77A2D807FFC00292000 /* Oneida-Online-Info.plist */,
				DDDEF7562D806F1200292000 /* Oneida_OnlineApp.swift */,
				DDDEF76B2D806F7B00292000 /* Views */,
				DDDEF76A2D806F7400292000 /* SubViews */,
				DDDEF7692D806F6B00292000 /* Extentions */,
				DDDEF7682D806F6300292000 /* Coordintator */,
				DDDEF7672D806F5D00292000 /* Models */,
				DDDEF7662D806F5400292000 /* Sounds */,
				DDDEF7652D806F4E00292000 /* Fonts */,
				DDDEF75A2D806F1300292000 /* Assets.xcassets */,
				DDDEF75C2D806F1300292000 /* Oneida_Online.entitlements */,
				DDDEF75D2D806F1300292000 /* Preview Content */,
			);
			path = "Oneida Online";
			sourceTree = "<group>";
		};
		DDDEF75D2D806F1300292000 /* Preview Content */ = {
			isa = PBXGroup;
			children = (
				DDDEF75E2D806F1300292000 /* Preview Assets.xcassets */,
			);
			path = "Preview Content";
			sourceTree = "<group>";
		};
		DDDEF7652D806F4E00292000 /* Fonts */ = {
			isa = PBXGroup;
			children = (
				DDDEF7782D807FE600292000 /* TitanOne-Regular.ttf */,
			);
			path = Fonts;
			sourceTree = "<group>";
		};
		DDDEF7662D806F5400292000 /* Sounds */ = {
			isa = PBXGroup;
			children = (
				DDFC242E2D88919C00141DEE /* kitchenDoneSound.mp3 */,
				DDFC242C2D88911D00141DEE /* cleanSound.mp3 */,
				DDFC242A2D888FE800141DEE /* keySound.mp3 */,
				DDFC24252D888FA100141DEE /* coinSound.mp3 */,
				DDFC24262D888FA100141DEE /* comeInSound.mp3 */,
				DDFC24242D888FA100141DEE /* kitchenSound.mp3 */,
				DDFC24222D888F6100141DEE /* SoundManager.swift */,
			);
			path = Sounds;
			sourceTree = "<group>";
		};
		DDDEF7672D806F5D00292000 /* Models */ = {
			isa = PBXGroup;
			children = (
				DDA0C0BA2D80BB8A00334F50 /* Model.swift */,
			);
			path = Models;
			sourceTree = "<group>";
		};
		DDDEF7682D806F6300292000 /* Coordintator */ = {
			isa = PBXGroup;
			children = (
				DDDEF76C2D806F9200292000 /* Coordinator.swift */,
			);
			path = Coordintator;
			sourceTree = "<group>";
		};
		DDDEF7692D806F6B00292000 /* Extentions */ = {
			isa = PBXGroup;
			children = (
				DDDEF7722D806FD900292000 /* SizeExtention.swift */,
				DDDEF7742D806FE800292000 /* ColorExtention.swift */,
			);
			path = Extentions;
			sourceTree = "<group>";
		};
		DDDEF76A2D806F7400292000 /* SubViews */ = {
			isa = PBXGroup;
			children = (
				DDDEF7762D80701200292000 /* Background.swift */,
				DDDEF77B2D8098FF00292000 /* Buttons.swift */,
				DDA0C0B62D80AFC200334F50 /* Settings.swift */,
				DDA0C0B82D80B7E600334F50 /* Shop.swift */,
				DDD616332D8718A1002723AA /* VisitorView.swift */,
				DDFC241C2D8872BA00141DEE /* PauseView.swift */,
				DDFC241E2D8882E700141DEE /* Rules.swift */,
				DDFC24202D88887F00141DEE /* Controller.swift */,
			);
			path = SubViews;
			sourceTree = "<group>";
		};
		DDDEF76B2D806F7B00292000 /* Views */ = {
			isa = PBXGroup;
			children = (
				DDDEF76E2D806FB500292000 /* Loading.swift */,
				DDDEF7702D806FBF00292000 /* MainMenu.swift */,
				DD93928E2D87051D00A3786D /* Game.swift */,
			);
			path = Views;
			sourceTree = "<group>";
		};
/* End PBXGroup section */

/* Begin PBXNativeTarget section */
		DDDEF7522D806F1200292000 /* Oneida Online */ = {
			isa = PBXNativeTarget;
			buildConfigurationList = DDDEF7622D806F1300292000 /* Build configuration list for PBXNativeTarget "Oneida Online" */;
			buildPhases = (
				DDDEF74F2D806F1200292000 /* Sources */,
				DDDEF7502D806F1200292000 /* Frameworks */,
				DDDEF7512D806F1200292000 /* Resources */,
			);
			buildRules = (
			);
			dependencies = (
			);
			name = "Oneida Online";
			productName = "Oneida Online";
			productReference = DDDEF7532D806F1200292000 /* Oneida Hospitality.app */;
			productType = "com.apple.product-type.application";
		};
/* End PBXNativeTarget section */

/* Begin PBXProject section */
		DDDEF74B2D806F1200292000 /* Project object */ = {
			isa = PBXProject;
			attributes = {
				BuildIndependentTargetsInParallel = 1;
				LastSwiftUpdateCheck = 1540;
				LastUpgradeCheck = 1540;
				TargetAttributes = {
					DDDEF7522D806F1200292000 = {
						CreatedOnToolsVersion = 15.4;
					};
				};
			};
			buildConfigurationList = DDDEF74E2D806F1200292000 /* Build configuration list for PBXProject "Oneida Online" */;
			compatibilityVersion = "Xcode 14.0";
			developmentRegion = en;
			hasScannedForEncodings = 0;
			knownRegions = (
				en,
				Base,
			);
			mainGroup = DDDEF74A2D806F1200292000;
			productRefGroup = DDDEF7542D806F1200292000 /* Products */;
			projectDirPath = "";
			projectRoot = "";
			targets = (
				DDDEF7522D806F1200292000 /* Oneida Online */,
			);
		};
/* End PBXProject section */

/* Begin PBXResourcesBuildPhase section */
		DDDEF7512D806F1200292000 /* Resources */ = {
			isa = PBXResourcesBuildPhase;
			buildActionMask = 2147483647;
			files = (
				DDFC242D2D88911D00141DEE /* cleanSound.mp3 in Resources */,
				DDFC24282D888FA100141DEE /* coinSound.mp3 in Resources */,
				DDFC24292D888FA100141DEE /* comeInSound.mp3 in Resources */,
				DDDEF75F2D806F1300292000 /* Preview Assets.xcassets in Resources */,
				DDFC242F2D88919C00141DEE /* kitchenDoneSound.mp3 in Resources */,
				DDFC24272D888FA100141DEE /* kitchenSound.mp3 in Resources */,
				DDDEF7792D807FE600292000 /* TitanOne-Regular.ttf in Resources */,
				DDFC242B2D888FE800141DEE /* keySound.mp3 in Resources */,
				DDDEF75B2D806F1300292000 /* Assets.xcassets in Resources */,
			);
			runOnlyForDeploymentPostprocessing = 0;
		};
/* End PBXResourcesBuildPhase section */

/* Begin PBXSourcesBuildPhase section */
		DDDEF74F2D806F1200292000 /* Sources */ = {
			isa = PBXSourcesBuildPhase;
			buildActionMask = 2147483647;
			files = (
				DDDEF7752D806FE800292000 /* ColorExtention.swift in Sources */,
				DDDEF7772D80701200292000 /* Background.swift in Sources */,
				DDDEF76D2D806F9200292000 /* Coordinator.swift in Sources */,
				DDA0C0B92D80B7E600334F50 /* Shop.swift in Sources */,
				DDDEF7732D806FD900292000 /* SizeExtention.swift in Sources */,
				DDDEF76F2D806FB500292000 /* Loading.swift in Sources */,
				DDDEF7572D806F1200292000 /* Oneida_OnlineApp.swift in Sources */,
				DDD616342D8718A1002723AA /* VisitorView.swift in Sources */,
				DD93928F2D87051D00A3786D /* Game.swift in Sources */,
				DDA0C0B72D80AFC200334F50 /* Settings.swift in Sources */,
				DDA0C0BB2D80BB8A00334F50 /* Model.swift in Sources */,
				DDDEF7712D806FBF00292000 /* MainMenu.swift in Sources */,
				DDDEF77C2D8098FF00292000 /* Buttons.swift in Sources */,
				DDFC241D2D8872BA00141DEE /* PauseView.swift in Sources */,
				DDFC241F2D8882E700141DEE /* Rules.swift in Sources */,
				DDFC24212D88887F00141DEE /* Controller.swift in Sources */,
				DDFC24232D888F6200141DEE /* SoundManager.swift in Sources */,
			);
			runOnlyForDeploymentPostprocessing = 0;
		};
/* End PBXSourcesBuildPhase section */

/* Begin XCBuildConfiguration section */
		DDDEF7602D806F1300292000 /* Debug */ = {
			isa = XCBuildConfiguration;
			buildSettings = {
				ALWAYS_SEARCH_USER_PATHS = NO;
				ASSETCATALOG_COMPILER_GENERATE_SWIFT_ASSET_SYMBOL_EXTENSIONS = YES;
				CLANG_ANALYZER_NONNULL = YES;
				CLANG_ANALYZER_NUMBER_OBJECT_CONVERSION = YES_AGGRESSIVE;
				CLANG_CXX_LANGUAGE_STANDARD = "gnu++20";
				CLANG_ENABLE_MODULES = YES;
				CLANG_ENABLE_OBJC_ARC = YES;
				CLANG_ENABLE_OBJC_WEAK = YES;
				CLANG_WARN_BLOCK_CAPTURE_AUTORELEASING = YES;
				CLANG_WARN_BOOL_CONVERSION = YES;
				CLANG_WARN_COMMA = YES;
				CLANG_WARN_CONSTANT_CONVERSION = YES;
				CLANG_WARN_DEPRECATED_OBJC_IMPLEMENTATIONS = YES;
				CLANG_WARN_DIRECT_OBJC_ISA_USAGE = YES_ERROR;
				CLANG_WARN_DOCUMENTATION_COMMENTS = YES;
				CLANG_WARN_EMPTY_BODY = YES;
				CLANG_WARN_ENUM_CONVERSION = YES;
				CLANG_WARN_INFINITE_RECURSION = YES;
				CLANG_WARN_INT_CONVERSION = YES;
				CLANG_WARN_NON_LITERAL_NULL_CONVERSION = YES;
				CLANG_WARN_OBJC_IMPLICIT_RETAIN_SELF = YES;
				CLANG_WARN_OBJC_LITERAL_CONVERSION = YES;
				CLANG_WARN_OBJC_ROOT_CLASS = YES_ERROR;
				CLANG_WARN_QUOTED_INCLUDE_IN_FRAMEWORK_HEADER = YES;
				CLANG_WARN_RANGE_LOOP_ANALYSIS = YES;
				CLANG_WARN_STRICT_PROTOTYPES = YES;
				CLANG_WARN_SUSPICIOUS_MOVE = YES;
				CLANG_WARN_UNGUARDED_AVAILABILITY = YES_AGGRESSIVE;
				CLANG_WARN_UNREACHABLE_CODE = YES;
				CLANG_WARN__DUPLICATE_METHOD_MATCH = YES;
				COPY_PHASE_STRIP = NO;
				DEBUG_INFORMATION_FORMAT = dwarf;
				ENABLE_STRICT_OBJC_MSGSEND = YES;
				ENABLE_TESTABILITY = YES;
				ENABLE_USER_SCRIPT_SANDBOXING = YES;
				GCC_C_LANGUAGE_STANDARD = gnu17;
				GCC_DYNAMIC_NO_PIC = NO;
				GCC_NO_COMMON_BLOCKS = YES;
				GCC_OPTIMIZATION_LEVEL = 0;
				GCC_PREPROCESSOR_DEFINITIONS = (
					"DEBUG=1",
					"$(inherited)",
				);
				GCC_WARN_64_TO_32_BIT_CONVERSION = YES;
				GCC_WARN_ABOUT_RETURN_TYPE = YES_ERROR;
				GCC_WARN_UNDECLARED_SELECTOR = YES;
				GCC_WARN_UNINITIALIZED_AUTOS = YES_AGGRESSIVE;
				GCC_WARN_UNUSED_FUNCTION = YES;
				GCC_WARN_UNUSED_VARIABLE = YES;
				LOCALIZATION_PREFERS_STRING_CATALOGS = YES;
				MTL_ENABLE_DEBUG_INFO = INCLUDE_SOURCE;
				MTL_FAST_MATH = YES;
				ONLY_ACTIVE_ARCH = YES;
				SWIFT_ACTIVE_COMPILATION_CONDITIONS = "DEBUG $(inherited)";
				SWIFT_OPTIMIZATION_LEVEL = "-Onone";
			};
			name = Debug;
		};
		DDDEF7612D806F1300292000 /* Release */ = {
			isa = XCBuildConfiguration;
			buildSettings = {
				ALWAYS_SEARCH_USER_PATHS = NO;
				ASSETCATALOG_COMPILER_GENERATE_SWIFT_ASSET_SYMBOL_EXTENSIONS = YES;
				CLANG_ANALYZER_NONNULL = YES;
				CLANG_ANALYZER_NUMBER_OBJECT_CONVERSION = YES_AGGRESSIVE;
				CLANG_CXX_LANGUAGE_STANDARD = "gnu++20";
				CLANG_ENABLE_MODULES = YES;
				CLANG_ENABLE_OBJC_ARC = YES;
				CLANG_ENABLE_OBJC_WEAK = YES;
				CLANG_WARN_BLOCK_CAPTURE_AUTORELEASING = YES;
				CLANG_WARN_BOOL_CONVERSION = YES;
				CLANG_WARN_COMMA = YES;
				CLANG_WARN_CONSTANT_CONVERSION = YES;
				CLANG_WARN_DEPRECATED_OBJC_IMPLEMENTATIONS = YES;
				CLANG_WARN_DIRECT_OBJC_ISA_USAGE = YES_ERROR;
				CLANG_WARN_DOCUMENTATION_COMMENTS = YES;
				CLANG_WARN_EMPTY_BODY = YES;
				CLANG_WARN_ENUM_CONVERSION = YES;
				CLANG_WARN_INFINITE_RECURSION = YES;
				CLANG_WARN_INT_CONVERSION = YES;
				CLANG_WARN_NON_LITERAL_NULL_CONVERSION = YES;
				CLANG_WARN_OBJC_IMPLICIT_RETAIN_SELF = YES;
				CLANG_WARN_OBJC_LITERAL_CONVERSION = YES;
				CLANG_WARN_OBJC_ROOT_CLASS = YES_ERROR;
				CLANG_WARN_QUOTED_INCLUDE_IN_FRAMEWORK_HEADER = YES;
				CLANG_WARN_RANGE_LOOP_ANALYSIS = YES;
				CLANG_WARN_STRICT_PROTOTYPES = YES;
				CLANG_WARN_SUSPICIOUS_MOVE = YES;
				CLANG_WARN_UNGUARDED_AVAILABILITY = YES_AGGRESSIVE;
				CLANG_WARN_UNREACHABLE_CODE = YES;
				CLANG_WARN__DUPLICATE_METHOD_MATCH = YES;
				COPY_PHASE_STRIP = NO;
				DEBUG_INFORMATION_FORMAT = "dwarf-with-dsym";
				ENABLE_NS_ASSERTIONS = NO;
				ENABLE_STRICT_OBJC_MSGSEND = YES;
				ENABLE_USER_SCRIPT_SANDBOXING = YES;
				GCC_C_LANGUAGE_STANDARD = gnu17;
				GCC_NO_COMMON_BLOCKS = YES;
				GCC_WARN_64_TO_32_BIT_CONVERSION = YES;
				GCC_WARN_ABOUT_RETURN_TYPE = YES_ERROR;
				GCC_WARN_UNDECLARED_SELECTOR = YES;
				GCC_WARN_UNINITIALIZED_AUTOS = YES_AGGRESSIVE;
				GCC_WARN_UNUSED_FUNCTION = YES;
				GCC_WARN_UNUSED_VARIABLE = YES;
				LOCALIZATION_PREFERS_STRING_CATALOGS = YES;
				MTL_ENABLE_DEBUG_INFO = NO;
				MTL_FAST_MATH = YES;
				SWIFT_COMPILATION_MODE = wholemodule;
			};
			name = Release;
		};
		DDDEF7632D806F1300292000 /* Debug */ = {
			isa = XCBuildConfiguration;
			buildSettings = {
				ASSETCATALOG_COMPILER_APPICON_NAME = AppIcon;
				ASSETCATALOG_COMPILER_GLOBAL_ACCENT_COLOR_NAME = AccentColor;
				CODE_SIGN_ENTITLEMENTS = "Oneida Online/Oneida_Online.entitlements";
				CODE_SIGN_STYLE = Automatic;
				CURRENT_PROJECT_VERSION = 1;
				DEVELOPMENT_ASSET_PATHS = "\"Oneida Online/Preview Content\"";
				DEVELOPMENT_TEAM = "";
				ENABLE_HARDENED_RUNTIME = YES;
				ENABLE_PREVIEWS = YES;
				GENERATE_INFOPLIST_FILE = YES;
				INFOPLIST_FILE = "Oneida-Online-Info.plist";
				"INFOPLIST_KEY_UIApplicationSceneManifest_Generation[sdk=iphoneos*]" = YES;
				"INFOPLIST_KEY_UIApplicationSceneManifest_Generation[sdk=iphonesimulator*]" = YES;
				"INFOPLIST_KEY_UIApplicationSupportsIndirectInputEvents[sdk=iphoneos*]" = YES;
				"INFOPLIST_KEY_UIApplicationSupportsIndirectInputEvents[sdk=iphonesimulator*]" = YES;
				"INFOPLIST_KEY_UILaunchScreen_Generation[sdk=iphoneos*]" = YES;
				"INFOPLIST_KEY_UILaunchScreen_Generation[sdk=iphonesimulator*]" = YES;
				INFOPLIST_KEY_UIRequiresFullScreen = YES;
				"INFOPLIST_KEY_UIStatusBarStyle[sdk=iphoneos*]" = UIStatusBarStyleDefault;
				"INFOPLIST_KEY_UIStatusBarStyle[sdk=iphonesimulator*]" = UIStatusBarStyleDefault;
				INFOPLIST_KEY_UISupportedInterfaceOrientations = "UIInterfaceOrientationLandscapeLeft UIInterfaceOrientationLandscapeRight UIInterfaceOrientationPortrait";
				IPHONEOS_DEPLOYMENT_TARGET = 14.5;
				LD_RUNPATH_SEARCH_PATHS = "@executable_path/Frameworks";
				"LD_RUNPATH_SEARCH_PATHS[sdk=macosx*]" = "@executable_path/../Frameworks";
				MACOSX_DEPLOYMENT_TARGET = 14.5;
				MARKETING_VERSION = 1.0;
				PRODUCT_BUNDLE_IDENTIFIER = com.hospiky.ter;
				PRODUCT_NAME = "Oneida Hospitality";
				SDKROOT = auto;
				SUPPORTED_PLATFORMS = "iphoneos iphonesimulator";
				SUPPORTS_MACCATALYST = NO;
				SWIFT_EMIT_LOC_STRINGS = YES;
				SWIFT_VERSION = 5.0;
				TARGETED_DEVICE_FAMILY = "1,2";
			};
			name = Debug;
		};
		DDDEF7642D806F1300292000 /* Release */ = {
			isa = XCBuildConfiguration;
			buildSettings = {
				ASSETCATALOG_COMPILER_APPICON_NAME = AppIcon;
				ASSETCATALOG_COMPILER_GLOBAL_ACCENT_COLOR_NAME = AccentColor;
				CODE_SIGN_ENTITLEMENTS = "Oneida Online/Oneida_Online.entitlements";
				CODE_SIGN_STYLE = Automatic;
				CURRENT_PROJECT_VERSION = 1;
				DEVELOPMENT_ASSET_PATHS = "\"Oneida Online/Preview Content\"";
				DEVELOPMENT_TEAM = "";
				ENABLE_HARDENED_RUNTIME = YES;
				ENABLE_PREVIEWS = YES;
				GENERATE_INFOPLIST_FILE = YES;
				INFOPLIST_FILE = "Oneida-Online-Info.plist";
				"INFOPLIST_KEY_UIApplicationSceneManifest_Generation[sdk=iphoneos*]" = YES;
				"INFOPLIST_KEY_UIApplicationSceneManifest_Generation[sdk=iphonesimulator*]" = YES;
				"INFOPLIST_KEY_UIApplicationSupportsIndirectInputEvents[sdk=iphoneos*]" = YES;
				"INFOPLIST_KEY_UIApplicationSupportsIndirectInputEvents[sdk=iphonesimulator*]" = YES;
				"INFOPLIST_KEY_UILaunchScreen_Generation[sdk=iphoneos*]" = YES;
				"INFOPLIST_KEY_UILaunchScreen_Generation[sdk=iphonesimulator*]" = YES;
				INFOPLIST_KEY_UIRequiresFullScreen = YES;
				"INFOPLIST_KEY_UIStatusBarStyle[sdk=iphoneos*]" = UIStatusBarStyleDefault;
				"INFOPLIST_KEY_UIStatusBarStyle[sdk=iphonesimulator*]" = UIStatusBarStyleDefault;
				INFOPLIST_KEY_UISupportedInterfaceOrientations = "UIInterfaceOrientationLandscapeLeft UIInterfaceOrientationLandscapeRight UIInterfaceOrientationPortrait";
				IPHONEOS_DEPLOYMENT_TARGET = 14.5;
				LD_RUNPATH_SEARCH_PATHS = "@executable_path/Frameworks";
				"LD_RUNPATH_SEARCH_PATHS[sdk=macosx*]" = "@executable_path/../Frameworks";
				MACOSX_DEPLOYMENT_TARGET = 14.5;
				MARKETING_VERSION = 1.0;
				PRODUCT_BUNDLE_IDENTIFIER = com.hospiky.ter;
				PRODUCT_NAME = "Oneida Hospitality";
				SDKROOT = auto;
				SUPPORTED_PLATFORMS = "iphoneos iphonesimulator";
				SUPPORTS_MACCATALYST = NO;
				SWIFT_EMIT_LOC_STRINGS = YES;
				SWIFT_VERSION = 5.0;
				TARGETED_DEVICE_FAMILY = "1,2";
			};
			name = Release;
		};
/* End XCBuildConfiguration section */

/* Begin XCConfigurationList section */
		DDDEF74E2D806F1200292000 /* Build configuration list for PBXProject "Oneida Online" */ = {
			isa = XCConfigurationList;
			buildConfigurations = (
				DDDEF7602D806F1300292000 /* Debug */,
				DDDEF7612D806F1300292000 /* Release */,
			);
			defaultConfigurationIsVisible = 0;
			defaultConfigurationName = Release;
		};
		DDDEF7622D806F1300292000 /* Build configuration list for PBXNativeTarget "Oneida Online" */ = {
			isa = XCConfigurationList;
			buildConfigurations = (
				DDDEF7632D806F1300292000 /* Debug */,
				DDDEF7642D806F1300292000 /* Release */,
			);
			defaultConfigurationIsVisible = 0;
			defaultConfigurationName = Release;
		};
/* End XCConfigurationList section */
	};
	rootObject = DDDEF74B2D806F1200292000 /* Project object */;
}
